// !$*UTF8*$!
{
	archiveVersion = 1;
	classes = {
	};
	objectVersion = 56;
	objects = {

/* Begin PBXBuildFile section */
		BB1C6FE62BF48286003E5CE6 /* AppDelegate.swift in Sources */ = {isa = PBXBuildFile; fileRef = BB1C6FE52BF48286003E5CE6 /* AppDelegate.swift */; };
		BB1C6FEA2BF48287003E5CE6 /* Assets.xcassets in Resources */ = {isa = PBXBuildFile; fileRef = BB1C6FE92BF48287003E5CE6 /* Assets.xcassets */; };
		BB1C6FED2BF48287003E5CE6 /* Preview Assets.xcassets in Resources */ = {isa = PBXBuildFile; fileRef = BB1C6FEC2BF48287003E5CE6 /* Preview Assets.xcassets */; };
		BB1C6FF42BF48467003E5CE6 /* MainView.swift in Sources */ = {isa = PBXBuildFile; fileRef = BB1C6FF32BF48467003E5CE6 /* MainView.swift */; };
		BB1C6FF62BF4894E003E5CE6 /* Mieruko-chan_shrine_Ghost.usdz in Resources */ = {isa = PBXBuildFile; fileRef = BB1C6FF52BF4894E003E5CE6 /* Mieruko-chan_shrine_Ghost.usdz */; };
		BB1C6FF82BF4921A003E5CE6 /* ExARView.swift in Sources */ = {isa = PBXBuildFile; fileRef = BB1C6FF72BF4921A003E5CE6 /* ExARView.swift */; };
		BB1C70362BF4FD36003E5CE6 /* AudioManager.swift in Sources */ = {isa = PBXBuildFile; fileRef = BB1C70352BF4FD36003E5CE6 /* AudioManager.swift */; };
		BB1C70382BF4FD67003E5CE6 /* HorrorBGM.mp4 in Resources */ = {isa = PBXBuildFile; fileRef = BB1C70372BF4FD67003E5CE6 /* HorrorBGM.mp4 */; };
		BB1C703A2BF5B520003E5CE6 /* MainMenuView.swift in Sources */ = {isa = PBXBuildFile; fileRef = BB1C70392BF5B520003E5CE6 /* MainMenuView.swift */; };
		BB1C703C2BF5B555003E5CE6 /* ARViewContainer.swift in Sources */ = {isa = PBXBuildFile; fileRef = BB1C703B2BF5B555003E5CE6 /* ARViewContainer.swift */; };
		BB1C70412BF5BA10003E5CE6 /* HorrorLaugh.mp4 in Resources */ = {isa = PBXBuildFile; fileRef = BB1C70402BF5BA0F003E5CE6 /* HorrorLaugh.mp4 */; };
		BB1C70612BF5D176003E5CE6 /* HorrorSing.mp4 in Resources */ = {isa = PBXBuildFile; fileRef = BB1C70602BF5D176003E5CE6 /* HorrorSing.mp4 */; };
		BB1C70632BF5D1D6003E5CE6 /* HorrorWhisper.mp4 in Resources */ = {isa = PBXBuildFile; fileRef = BB1C70622BF5D1D6003E5CE6 /* HorrorWhisper.mp4 */; };
		BB1C70652BF5D445003E5CE6 /* Japanese_Shinto_Shrine.usdz in Resources */ = {isa = PBXBuildFile; fileRef = BB1C70642BF5D445003E5CE6 /* Japanese_Shinto_Shrine.usdz */; };
		BB1C70732BF76068003E5CE6 /* Cute_Bronze_Bell.usdz in Resources */ = {isa = PBXBuildFile; fileRef = BB1C70722BF76068003E5CE6 /* Cute_Bronze_Bell.usdz */; };
		BB1C70752BF7606F003E5CE6 /* 3D_Origami_crane.usdz in Resources */ = {isa = PBXBuildFile; fileRef = BB1C70742BF7606F003E5CE6 /* 3D_Origami_crane.usdz */; };
		BB1C70772BF7607A003E5CE6 /* Pile_of_coins.usdz in Resources */ = {isa = PBXBuildFile; fileRef = BB1C70762BF7607A003E5CE6 /* Pile_of_coins.usdz */; };
		BB1C70792BF76EAF003E5CE6 /* ground.usdz in Resources */ = {isa = PBXBuildFile; fileRef = BB1C70782BF76EAF003E5CE6 /* ground.usdz */; };
		BB1C707B2BF791FA003E5CE6 /* JumpscareView.swift in Sources */ = {isa = PBXBuildFile; fileRef = BB1C707A2BF791FA003E5CE6 /* JumpscareView.swift */; };
		BB1C707F2BF7B3F6003E5CE6 /* Jumpscare.mp4 in Resources */ = {isa = PBXBuildFile; fileRef = BB1C707E2BF7B3F6003E5CE6 /* Jumpscare.mp4 */; };
		BB1C70842BF8BFC1003E5CE6 /* WaitingfortheSunrise-Regular.ttf in Resources */ = {isa = PBXBuildFile; fileRef = BB1C70832BF8BFC1003E5CE6 /* WaitingfortheSunrise-Regular.ttf */; };
		BB1C70892BF8CB5A003E5CE6 /* CollectedAll.mp4 in Resources */ = {isa = PBXBuildFile; fileRef = BB1C70862BF8CB5A003E5CE6 /* CollectedAll.mp4 */; };
		BB1C708A2BF8CB5A003E5CE6 /* ShrineNear.mp4 in Resources */ = {isa = PBXBuildFile; fileRef = BB1C70872BF8CB5A003E5CE6 /* ShrineNear.mp4 */; };
		BB1C708B2BF8CB5A003E5CE6 /* Spawn.mp4 in Resources */ = {isa = PBXBuildFile; fileRef = BB1C70882BF8CB5A003E5CE6 /* Spawn.mp4 */; };
		BB1C708F2BFC60EE003E5CE6 /* CollectItem.mp4 in Resources */ = {isa = PBXBuildFile; fileRef = BB1C708E2BFC60EE003E5CE6 /* CollectItem.mp4 */; };
		BB1C70912BFC6772003E5CE6 /* WinView.swift in Sources */ = {isa = PBXBuildFile; fileRef = BB1C70902BFC6772003E5CE6 /* WinView.swift */; };
		BB1C70932BFC6E3A003E5CE6 /* ghostSigh.mp4 in Resources */ = {isa = PBXBuildFile; fileRef = BB1C70922BFC6E3A003E5CE6 /* ghostSigh.mp4 */; };
		BBC77AFE2BFCE018002EB744 /* Coordinator.swift in Sources */ = {isa = PBXBuildFile; fileRef = BBC77AFD2BFCE018002EB744 /* Coordinator.swift */; };
		BBC77B022BFDCC9D002EB744 /* HapticManager.swift in Sources */ = {isa = PBXBuildFile; fileRef = BBC77B012BFDCC9D002EB744 /* HapticManager.swift */; };
		BBC77B042C00966A002EB744 /* GameStatus.swift in Sources */ = {isa = PBXBuildFile; fileRef = BBC77B032C00966A002EB744 /* GameStatus.swift */; };
/* End PBXBuildFile section */

/* Begin PBXFileReference section */
		BB1C6FE22BF48286003E5CE6 /* TestFilter.app */ = {isa = PBXFileReference; explicitFileType = wrapper.application; includeInIndex = 0; path = TestFilter.app; sourceTree = BUILT_PRODUCTS_DIR; };
		BB1C6FE52BF48286003E5CE6 /* AppDelegate.swift */ = {isa = PBXFileReference; lastKnownFileType = sourcecode.swift; path = AppDelegate.swift; sourceTree = "<group>"; };
		BB1C6FE92BF48287003E5CE6 /* Assets.xcassets */ = {isa = PBXFileReference; lastKnownFileType = folder.assetcatalog; path = Assets.xcassets; sourceTree = "<group>"; };
		BB1C6FEC2BF48287003E5CE6 /* Preview Assets.xcassets */ = {isa = PBXFileReference; lastKnownFileType = folder.assetcatalog; path = "Preview Assets.xcassets"; sourceTree = "<group>"; };
		BB1C6FF32BF48467003E5CE6 /* MainView.swift */ = {isa = PBXFileReference; lastKnownFileType = sourcecode.swift; path = MainView.swift; sourceTree = "<group>"; };
		BB1C6FF52BF4894E003E5CE6 /* Mieruko-chan_shrine_Ghost.usdz */ = {isa = PBXFileReference; lastKnownFileType = file.usdz; path = "Mieruko-chan_shrine_Ghost.usdz"; sourceTree = "<group>"; };
		BB1C6FF72BF4921A003E5CE6 /* ExARView.swift */ = {isa = PBXFileReference; lastKnownFileType = sourcecode.swift; path = ExARView.swift; sourceTree = "<group>"; };
		BB1C70352BF4FD36003E5CE6 /* AudioManager.swift */ = {isa = PBXFileReference; lastKnownFileType = sourcecode.swift; path = AudioManager.swift; sourceTree = "<group>"; };
		BB1C70372BF4FD67003E5CE6 /* HorrorBGM.mp4 */ = {isa = PBXFileReference; lastKnownFileType = file; path = HorrorBGM.mp4; sourceTree = "<group>"; };
		BB1C70392BF5B520003E5CE6 /* MainMenuView.swift */ = {isa = PBXFileReference; lastKnownFileType = sourcecode.swift; path = MainMenuView.swift; sourceTree = "<group>"; };
		BB1C703B2BF5B555003E5CE6 /* ARViewContainer.swift */ = {isa = PBXFileReference; lastKnownFileType = sourcecode.swift; path = ARViewContainer.swift; sourceTree = "<group>"; };
		BB1C70402BF5BA0F003E5CE6 /* HorrorLaugh.mp4 */ = {isa = PBXFileReference; lastKnownFileType = file; path = HorrorLaugh.mp4; sourceTree = "<group>"; };
		BB1C70602BF5D176003E5CE6 /* HorrorSing.mp4 */ = {isa = PBXFileReference; lastKnownFileType = file; path = HorrorSing.mp4; sourceTree = "<group>"; };
		BB1C70622BF5D1D6003E5CE6 /* HorrorWhisper.mp4 */ = {isa = PBXFileReference; lastKnownFileType = file; path = HorrorWhisper.mp4; sourceTree = "<group>"; };
		BB1C70642BF5D445003E5CE6 /* Japanese_Shinto_Shrine.usdz */ = {isa = PBXFileReference; lastKnownFileType = file.usdz; path = Japanese_Shinto_Shrine.usdz; sourceTree = "<group>"; };
		BB1C70722BF76068003E5CE6 /* Cute_Bronze_Bell.usdz */ = {isa = PBXFileReference; lastKnownFileType = file.usdz; path = Cute_Bronze_Bell.usdz; sourceTree = "<group>"; };
		BB1C70742BF7606F003E5CE6 /* 3D_Origami_crane.usdz */ = {isa = PBXFileReference; lastKnownFileType = file.usdz; path = 3D_Origami_crane.usdz; sourceTree = "<group>"; };
		BB1C70762BF7607A003E5CE6 /* Pile_of_coins.usdz */ = {isa = PBXFileReference; lastKnownFileType = file.usdz; path = Pile_of_coins.usdz; sourceTree = "<group>"; };
		BB1C70782BF76EAF003E5CE6 /* ground.usdz */ = {isa = PBXFileReference; lastKnownFileType = file.usdz; path = ground.usdz; sourceTree = "<group>"; };
		BB1C707A2BF791FA003E5CE6 /* JumpscareView.swift */ = {isa = PBXFileReference; lastKnownFileType = sourcecode.swift; path = JumpscareView.swift; sourceTree = "<group>"; };
		BB1C707E2BF7B3F6003E5CE6 /* Jumpscare.mp4 */ = {isa = PBXFileReference; lastKnownFileType = file; path = Jumpscare.mp4; sourceTree = "<group>"; };
		BB1C70832BF8BFC1003E5CE6 /* WaitingfortheSunrise-Regular.ttf */ = {isa = PBXFileReference; lastKnownFileType = file; path = "WaitingfortheSunrise-Regular.ttf"; sourceTree = "<group>"; };
		BB1C70852BF8BFD6003E5CE6 /* Info.plist */ = {isa = PBXFileReference; lastKnownFileType = text.plist; path = Info.plist; sourceTree = "<group>"; };
		BB1C70862BF8CB5A003E5CE6 /* CollectedAll.mp4 */ = {isa = PBXFileReference; lastKnownFileType = file; path = CollectedAll.mp4; sourceTree = "<group>"; };
		BB1C70872BF8CB5A003E5CE6 /* ShrineNear.mp4 */ = {isa = PBXFileReference; lastKnownFileType = file; path = ShrineNear.mp4; sourceTree = "<group>"; };
		BB1C70882BF8CB5A003E5CE6 /* Spawn.mp4 */ = {isa = PBXFileReference; lastKnownFileType = file; path = Spawn.mp4; sourceTree = "<group>"; };
		BB1C708E2BFC60EE003E5CE6 /* CollectItem.mp4 */ = {isa = PBXFileReference; lastKnownFileType = file; path = CollectItem.mp4; sourceTree = "<group>"; };
		BB1C70902BFC6772003E5CE6 /* WinView.swift */ = {isa = PBXFileReference; lastKnownFileType = sourcecode.swift; path = WinView.swift; sourceTree = "<group>"; };
		BB1C70922BFC6E3A003E5CE6 /* ghostSigh.mp4 */ = {isa = PBXFileReference; lastKnownFileType = file; path = ghostSigh.mp4; sourceTree = "<group>"; };
		BBC77AFD2BFCE018002EB744 /* Coordinator.swift */ = {isa = PBXFileReference; lastKnownFileType = sourcecode.swift; path = Coordinator.swift; sourceTree = "<group>"; };
		BBC77B012BFDCC9D002EB744 /* HapticManager.swift */ = {isa = PBXFileReference; lastKnownFileType = sourcecode.swift; path = HapticManager.swift; sourceTree = "<group>"; };
		BBC77B032C00966A002EB744 /* GameStatus.swift */ = {isa = PBXFileReference; lastKnownFileType = sourcecode.swift; path = GameStatus.swift; sourceTree = "<group>"; };
/* End PBXFileReference section */

/* Begin PBXFrameworksBuildPhase section */
		BB1C6FDF2BF48286003E5CE6 /* Frameworks */ = {
			isa = PBXFrameworksBuildPhase;
			buildActionMask = 2147483647;
			files = (
			);
			runOnlyForDeploymentPostprocessing = 0;
		};
/* End PBXFrameworksBuildPhase section */

/* Begin PBXGroup section */
		BB1C6FD92BF48286003E5CE6 = {
			isa = PBXGroup;
			children = (
				BB1C6FE42BF48286003E5CE6 /* TestFilter */,
				BB1C6FE32BF48286003E5CE6 /* Products */,
			);
			sourceTree = "<group>";
		};
		BB1C6FE32BF48286003E5CE6 /* Products */ = {
			isa = PBXGroup;
			children = (
				BB1C6FE22BF48286003E5CE6 /* TestFilter.app */,
			);
			name = Products;
			sourceTree = "<group>";
		};
		BB1C6FE42BF48286003E5CE6 /* TestFilter */ = {
			isa = PBXGroup;
			children = (
				BB1C6FE52BF48286003E5CE6 /* AppDelegate.swift */,
				BB1C70852BF8BFD6003E5CE6 /* Info.plist */,
				BB1C70802BF8B3C6003E5CE6 /* Views */,
				BB1C70812BF8B3E2003E5CE6 /* Resources */,
				BB1C70822BF8B408003E5CE6 /* Helper */,
				BB1C6FEB2BF48287003E5CE6 /* Preview Content */,
				BB1C6FE92BF48287003E5CE6 /* Assets.xcassets */,
			);
			path = TestFilter;
			sourceTree = "<group>";
		};
		BB1C6FEB2BF48287003E5CE6 /* Preview Content */ = {
			isa = PBXGroup;
			children = (
				BB1C6FEC2BF48287003E5CE6 /* Preview Assets.xcassets */,
			);
			path = "Preview Content";
			sourceTree = "<group>";
		};
		BB1C70802BF8B3C6003E5CE6 /* Views */ = {
			isa = PBXGroup;
			children = (
				BB1C6FF32BF48467003E5CE6 /* MainView.swift */,
				BB1C70392BF5B520003E5CE6 /* MainMenuView.swift */,
				BB1C703B2BF5B555003E5CE6 /* ARViewContainer.swift */,
				BB1C707A2BF791FA003E5CE6 /* JumpscareView.swift */,
				BB1C70902BFC6772003E5CE6 /* WinView.swift */,
			);
			path = Views;
			sourceTree = "<group>";
		};
		BB1C70812BF8B3E2003E5CE6 /* Resources */ = {
			isa = PBXGroup;
			children = (
				BB1C70832BF8BFC1003E5CE6 /* WaitingfortheSunrise-Regular.ttf */,
				BB1C6FF52BF4894E003E5CE6 /* Mieruko-chan_shrine_Ghost.usdz */,
				BB1C70782BF76EAF003E5CE6 /* ground.usdz */,
				BB1C70762BF7607A003E5CE6 /* Pile_of_coins.usdz */,
				BB1C70742BF7606F003E5CE6 /* 3D_Origami_crane.usdz */,
				BB1C70722BF76068003E5CE6 /* Cute_Bronze_Bell.usdz */,
				BB1C70642BF5D445003E5CE6 /* Japanese_Shinto_Shrine.usdz */,
				BB1C70372BF4FD67003E5CE6 /* HorrorBGM.mp4 */,
				BB1C70622BF5D1D6003E5CE6 /* HorrorWhisper.mp4 */,
				BB1C70602BF5D176003E5CE6 /* HorrorSing.mp4 */,
				BB1C70402BF5BA0F003E5CE6 /* HorrorLaugh.mp4 */,
				BB1C707E2BF7B3F6003E5CE6 /* Jumpscare.mp4 */,
				BB1C70922BFC6E3A003E5CE6 /* ghostSigh.mp4 */,
				BB1C70862BF8CB5A003E5CE6 /* CollectedAll.mp4 */,
				BB1C708E2BFC60EE003E5CE6 /* CollectItem.mp4 */,
				BB1C70872BF8CB5A003E5CE6 /* ShrineNear.mp4 */,
				BB1C70882BF8CB5A003E5CE6 /* Spawn.mp4 */,
			);
			path = Resources;
			sourceTree = "<group>";
		};
		BB1C70822BF8B408003E5CE6 /* Helper */ = {
			isa = PBXGroup;
			children = (
				BB1C6FF72BF4921A003E5CE6 /* ExARView.swift */,
				BB1C70352BF4FD36003E5CE6 /* AudioManager.swift */,
				BBC77AFD2BFCE018002EB744 /* Coordinator.swift */,
				BBC77B012BFDCC9D002EB744 /* HapticManager.swift */,
				BBC77B032C00966A002EB744 /* GameStatus.swift */,
			);
			path = Helper;
			sourceTree = "<group>";
		};
/* End PBXGroup section */

/* Begin PBXNativeTarget section */
		BB1C6FE12BF48286003E5CE6 /* TestFilter */ = {
			isa = PBXNativeTarget;
			buildConfigurationList = BB1C6FF02BF48287003E5CE6 /* Build configuration list for PBXNativeTarget "TestFilter" */;
			buildPhases = (
				BB1C6FDE2BF48286003E5CE6 /* Sources */,
				BB1C6FDF2BF48286003E5CE6 /* Frameworks */,
				BB1C6FE02BF48286003E5CE6 /* Resources */,
			);
			buildRules = (
			);
			dependencies = (
			);
			name = TestFilter;
			productName = TestFilter;
			productReference = BB1C6FE22BF48286003E5CE6 /* TestFilter.app */;
			productType = "com.apple.product-type.application";
		};
/* End PBXNativeTarget section */

/* Begin PBXProject section */
		BB1C6FDA2BF48286003E5CE6 /* Project object */ = {
			isa = PBXProject;
			attributes = {
				BuildIndependentTargetsInParallel = 1;
				LastSwiftUpdateCheck = 1530;
				LastUpgradeCheck = 1530;
				TargetAttributes = {
					BB1C6FE12BF48286003E5CE6 = {
						CreatedOnToolsVersion = 15.3;
					};
				};
			};
			buildConfigurationList = BB1C6FDD2BF48286003E5CE6 /* Build configuration list for PBXProject "TestFilter" */;
			compatibilityVersion = "Xcode 14.0";
			developmentRegion = en;
			hasScannedForEncodings = 0;
			knownRegions = (
				en,
				Base,
			);
			mainGroup = BB1C6FD92BF48286003E5CE6;
			productRefGroup = BB1C6FE32BF48286003E5CE6 /* Products */;
			projectDirPath = "";
			projectRoot = "";
			targets = (
				BB1C6FE12BF48286003E5CE6 /* TestFilter */,
			);
		};
/* End PBXProject section */

/* Begin PBXResourcesBuildPhase section */
		BB1C6FE02BF48286003E5CE6 /* Resources */ = {
			isa = PBXResourcesBuildPhase;
			buildActionMask = 2147483647;
			files = (
				BB1C70732BF76068003E5CE6 /* Cute_Bronze_Bell.usdz in Resources */,
				BB1C70772BF7607A003E5CE6 /* Pile_of_coins.usdz in Resources */,
				BB1C6FED2BF48287003E5CE6 /* Preview Assets.xcassets in Resources */,
				BB1C70892BF8CB5A003E5CE6 /* CollectedAll.mp4 in Resources */,
				BB1C70382BF4FD67003E5CE6 /* HorrorBGM.mp4 in Resources */,
				BB1C70652BF5D445003E5CE6 /* Japanese_Shinto_Shrine.usdz in Resources */,
				BB1C70632BF5D1D6003E5CE6 /* HorrorWhisper.mp4 in Resources */,
				BB1C70932BFC6E3A003E5CE6 /* ghostSigh.mp4 in Resources */,
				BB1C70752BF7606F003E5CE6 /* 3D_Origami_crane.usdz in Resources */,
				BB1C70612BF5D176003E5CE6 /* HorrorSing.mp4 in Resources */,
				BB1C6FF62BF4894E003E5CE6 /* Mieruko-chan_shrine_Ghost.usdz in Resources */,
				BB1C708B2BF8CB5A003E5CE6 /* Spawn.mp4 in Resources */,
				BB1C707F2BF7B3F6003E5CE6 /* Jumpscare.mp4 in Resources */,
				BB1C70412BF5BA10003E5CE6 /* HorrorLaugh.mp4 in Resources */,
				BB1C708F2BFC60EE003E5CE6 /* CollectItem.mp4 in Resources */,
				BB1C708A2BF8CB5A003E5CE6 /* ShrineNear.mp4 in Resources */,
				BB1C70792BF76EAF003E5CE6 /* ground.usdz in Resources */,
				BB1C70842BF8BFC1003E5CE6 /* WaitingfortheSunrise-Regular.ttf in Resources */,
				BB1C6FEA2BF48287003E5CE6 /* Assets.xcassets in Resources */,
			);
			runOnlyForDeploymentPostprocessing = 0;
		};
/* End PBXResourcesBuildPhase section */

/* Begin PBXSourcesBuildPhase section */
		BB1C6FDE2BF48286003E5CE6 /* Sources */ = {
			isa = PBXSourcesBuildPhase;
			buildActionMask = 2147483647;
			files = (
				BB1C703A2BF5B520003E5CE6 /* MainMenuView.swift in Sources */,
				BB1C70912BFC6772003E5CE6 /* WinView.swift in Sources */,
				BB1C707B2BF791FA003E5CE6 /* JumpscareView.swift in Sources */,
				BB1C6FF82BF4921A003E5CE6 /* ExARView.swift in Sources */,
				BB1C6FF42BF48467003E5CE6 /* MainView.swift in Sources */,
				BB1C70362BF4FD36003E5CE6 /* AudioManager.swift in Sources */,
				BBC77B022BFDCC9D002EB744 /* HapticManager.swift in Sources */,
				BBC77B042C00966A002EB744 /* GameStatus.swift in Sources */,
				BB1C6FE62BF48286003E5CE6 /* AppDelegate.swift in Sources */,
				BB1C703C2BF5B555003E5CE6 /* ARViewContainer.swift in Sources */,
				BBC77AFE2BFCE018002EB744 /* Coordinator.swift in Sources */,
			);
			runOnlyForDeploymentPostprocessing = 0;
		};
/* End PBXSourcesBuildPhase section */

/* Begin XCBuildConfiguration section */
		BB1C6FEE2BF48287003E5CE6 /* Debug */ = {
			isa = XCBuildConfiguration;
			buildSettings = {
				ALWAYS_SEARCH_USER_PATHS = NO;
				ASSETCATALOG_COMPILER_GENERATE_SWIFT_ASSET_SYMBOL_EXTENSIONS = YES;
				CLANG_ANALYZER_NONNULL = YES;
				CLANG_ANALYZER_NUMBER_OBJECT_CONVERSION = YES_AGGRESSIVE;
				CLANG_CXX_LANGUAGE_STANDARD = "gnu++20";
				CLANG_ENABLE_MODULES = YES;
				CLANG_ENABLE_OBJC_ARC = YES;
				CLANG_ENABLE_OBJC_WEAK = YES;
				CLANG_WARN_BLOCK_CAPTURE_AUTORELEASING = YES;
				CLANG_WARN_BOOL_CONVERSION = YES;
				CLANG_WARN_COMMA = YES;
				CLANG_WARN_CONSTANT_CONVERSION = YES;
				CLANG_WARN_DEPRECATED_OBJC_IMPLEMENTATIONS = YES;
				CLANG_WARN_DIRECT_OBJC_ISA_USAGE = YES_ERROR;
				CLANG_WARN_DOCUMENTATION_COMMENTS = YES;
				CLANG_WARN_EMPTY_BODY = YES;
				CLANG_WARN_ENUM_CONVERSION = YES;
				CLANG_WARN_INFINITE_RECURSION = YES;
				CLANG_WARN_INT_CONVERSION = YES;
				CLANG_WARN_NON_LITERAL_NULL_CONVERSION = YES;
				CLANG_WARN_OBJC_IMPLICIT_RETAIN_SELF = YES;
				CLANG_WARN_OBJC_LITERAL_CONVERSION = YES;
				CLANG_WARN_OBJC_ROOT_CLASS = YES_ERROR;
				CLANG_WARN_QUOTED_INCLUDE_IN_FRAMEWORK_HEADER = YES;
				CLANG_WARN_RANGE_LOOP_ANALYSIS = YES;
				CLANG_WARN_STRICT_PROTOTYPES = YES;
				CLANG_WARN_SUSPICIOUS_MOVE = YES;
				CLANG_WARN_UNGUARDED_AVAILABILITY = YES_AGGRESSIVE;
				CLANG_WARN_UNREACHABLE_CODE = YES;
				CLANG_WARN__DUPLICATE_METHOD_MATCH = YES;
				COPY_PHASE_STRIP = NO;
				DEBUG_INFORMATION_FORMAT = dwarf;
				ENABLE_STRICT_OBJC_MSGSEND = YES;
				ENABLE_TESTABILITY = YES;
				ENABLE_USER_SCRIPT_SANDBOXING = YES;
				GCC_C_LANGUAGE_STANDARD = gnu17;
				GCC_DYNAMIC_NO_PIC = NO;
				GCC_NO_COMMON_BLOCKS = YES;
				GCC_OPTIMIZATION_LEVEL = 0;
				GCC_PREPROCESSOR_DEFINITIONS = (
					"DEBUG=1",
					"$(inherited)",
				);
				GCC_WARN_64_TO_32_BIT_CONVERSION = YES;
				GCC_WARN_ABOUT_RETURN_TYPE = YES_ERROR;
				GCC_WARN_UNDECLARED_SELECTOR = YES;
				GCC_WARN_UNINITIALIZED_AUTOS = YES_AGGRESSIVE;
				GCC_WARN_UNUSED_FUNCTION = YES;
				GCC_WARN_UNUSED_VARIABLE = YES;
				IPHONEOS_DEPLOYMENT_TARGET = 17.4;
				LOCALIZATION_PREFERS_STRING_CATALOGS = YES;
				MTL_ENABLE_DEBUG_INFO = INCLUDE_SOURCE;
				MTL_FAST_MATH = YES;
				ONLY_ACTIVE_ARCH = YES;
				SDKROOT = iphoneos;
				SWIFT_ACTIVE_COMPILATION_CONDITIONS = "DEBUG $(inherited)";
				SWIFT_OPTIMIZATION_LEVEL = "-Onone";
			};
			name = Debug;
		};
		BB1C6FEF2BF48287003E5CE6 /* Release */ = {
			isa = XCBuildConfiguration;
			buildSettings = {
				ALWAYS_SEARCH_USER_PATHS = NO;
				ASSETCATALOG_COMPILER_GENERATE_SWIFT_ASSET_SYMBOL_EXTENSIONS = YES;
				CLANG_ANALYZER_NONNULL = YES;
				CLANG_ANALYZER_NUMBER_OBJECT_CONVERSION = YES_AGGRESSIVE;
				CLANG_CXX_LANGUAGE_STANDARD = "gnu++20";
				CLANG_ENABLE_MODULES = YES;
				CLANG_ENABLE_OBJC_ARC = YES;
				CLANG_ENABLE_OBJC_WEAK = YES;
				CLANG_WARN_BLOCK_CAPTURE_AUTORELEASING = YES;
				CLANG_WARN_BOOL_CONVERSION = YES;
				CLANG_WARN_COMMA = YES;
				CLANG_WARN_CONSTANT_CONVERSION = YES;
				CLANG_WARN_DEPRECATED_OBJC_IMPLEMENTATIONS = YES;
				CLANG_WARN_DIRECT_OBJC_ISA_USAGE = YES_ERROR;
				CLANG_WARN_DOCUMENTATION_COMMENTS = YES;
				CLANG_WARN_EMPTY_BODY = YES;
				CLANG_WARN_ENUM_CONVERSION = YES;
				CLANG_WARN_INFINITE_RECURSION = YES;
				CLANG_WARN_INT_CONVERSION = YES;
				CLANG_WARN_NON_LITERAL_NULL_CONVERSION = YES;
				CLANG_WARN_OBJC_IMPLICIT_RETAIN_SELF = YES;
				CLANG_WARN_OBJC_LITERAL_CONVERSION = YES;
				CLANG_WARN_OBJC_ROOT_CLASS = YES_ERROR;
				CLANG_WARN_QUOTED_INCLUDE_IN_FRAMEWORK_HEADER = YES;
				CLANG_WARN_RANGE_LOOP_ANALYSIS = YES;
				CLANG_WARN_STRICT_PROTOTYPES = YES;
				CLANG_WARN_SUSPICIOUS_MOVE = YES;
				CLANG_WARN_UNGUARDED_AVAILABILITY = YES_AGGRESSIVE;
				CLANG_WARN_UNREACHABLE_CODE = YES;
				CLANG_WARN__DUPLICATE_METHOD_MATCH = YES;
				COPY_PHASE_STRIP = NO;
				DEBUG_INFORMATION_FORMAT = "dwarf-with-dsym";
				ENABLE_NS_ASSERTIONS = NO;
				ENABLE_STRICT_OBJC_MSGSEND = YES;
				ENABLE_USER_SCRIPT_SANDBOXING = YES;
				GCC_C_LANGUAGE_STANDARD = gnu17;
				GCC_NO_COMMON_BLOCKS = YES;
				GCC_WARN_64_TO_32_BIT_CONVERSION = YES;
				GCC_WARN_ABOUT_RETURN_TYPE = YES_ERROR;
				GCC_WARN_UNDECLARED_SELECTOR = YES;
				GCC_WARN_UNINITIALIZED_AUTOS = YES_AGGRESSIVE;
				GCC_WARN_UNUSED_FUNCTION = YES;
				GCC_WARN_UNUSED_VARIABLE = YES;
				IPHONEOS_DEPLOYMENT_TARGET = 17.4;
				LOCALIZATION_PREFERS_STRING_CATALOGS = YES;
				MTL_ENABLE_DEBUG_INFO = NO;
				MTL_FAST_MATH = YES;
				SDKROOT = iphoneos;
				SWIFT_COMPILATION_MODE = wholemodule;
				VALIDATE_PRODUCT = YES;
			};
			name = Release;
		};
		BB1C6FF12BF48287003E5CE6 /* Debug */ = {
			isa = XCBuildConfiguration;
			buildSettings = {
				ASSETCATALOG_COMPILER_APPICON_NAME = AppIcon;
				ASSETCATALOG_COMPILER_GLOBAL_ACCENT_COLOR_NAME = AccentColor;
				CODE_SIGN_STYLE = Automatic;
				CURRENT_PROJECT_VERSION = 1;
				DEVELOPMENT_ASSET_PATHS = "\"TestFilter/Preview Content\"";
				DEVELOPMENT_TEAM = NJGLNB2TGW;
				ENABLE_PREVIEWS = YES;
				GENERATE_INFOPLIST_FILE = YES;
				INFOPLIST_FILE = TestFilter/Info.plist;
				INFOPLIST_KEY_CFBundleDisplayName = "The-Abandoned-Shrine";
				INFOPLIST_KEY_NSCameraUsageDescription = "";
				INFOPLIST_KEY_NSMicrophoneUsageDescription = "Used for detecting mic at shrine";
				INFOPLIST_KEY_NSSpeechRecognitionUsageDescription = "To detect what user says at shrine";
				INFOPLIST_KEY_UIApplicationSupportsIndirectInputEvents = YES;
				INFOPLIST_KEY_UILaunchScreen_Generation = YES;
				INFOPLIST_KEY_UIRequiredDeviceCapabilities = arkit;
				INFOPLIST_KEY_UIStatusBarHidden = YES;
				INFOPLIST_KEY_UISupportedInterfaceOrientations_iPad = "UIInterfaceOrientationPortrait UIInterfaceOrientationPortraitUpsideDown UIInterfaceOrientationLandscapeLeft UIInterfaceOrientationLandscapeRight";
				INFOPLIST_KEY_UISupportedInterfaceOrientations_iPhone = "UIInterfaceOrientationPortrait UIInterfaceOrientationLandscapeLeft UIInterfaceOrientationLandscapeRight";
				LD_RUNPATH_SEARCH_PATHS = (
					"$(inherited)",
					"@executable_path/Frameworks",
				);
				MARKETING_VERSION = 1.0;
				PRODUCT_BUNDLE_IDENTIFIER = Freds.TestFilter;
				PRODUCT_NAME = "$(TARGET_NAME)";
				SWIFT_EMIT_LOC_STRINGS = YES;
				SWIFT_VERSION = 5.0;
				TARGETED_DEVICE_FAMILY = "1,2";
			};
			name = Debug;
		};
		BB1C6FF22BF48287003E5CE6 /* Release */ = {
			isa = XCBuildConfiguration;
			buildSettings = {
				ASSETCATALOG_COMPILER_APPICON_NAME = AppIcon;
				ASSETCATALOG_COMPILER_GLOBAL_ACCENT_COLOR_NAME = AccentColor;
				CODE_SIGN_STYLE = Automatic;
				CURRENT_PROJECT_VERSION = 1;
				DEVELOPMENT_ASSET_PATHS = "\"TestFilter/Preview Content\"";
				DEVELOPMENT_TEAM = NJGLNB2TGW;
				ENABLE_PREVIEWS = YES;
				GENERATE_INFOPLIST_FILE = YES;
				INFOPLIST_FILE = TestFilter/Info.plist;
				INFOPLIST_KEY_CFBundleDisplayName = "The-Abandoned-Shrine";
				INFOPLIST_KEY_NSCameraUsageDescription = "";
				INFOPLIST_KEY_NSMicrophoneUsageDescription = "Used for detecting mic at shrine";
				INFOPLIST_KEY_NSSpeechRecognitionUsageDescription = "To detect what user says at shrine";
				INFOPLIST_KEY_UIApplicationSupportsIndirectInputEvents = YES;
				INFOPLIST_KEY_UILaunchScreen_Generation = YES;
				INFOPLIST_KEY_UIRequiredDeviceCapabilities = arkit;
				INFOPLIST_KEY_UIStatusBarHidden = YES;
				INFOPLIST_KEY_UISupportedInterfaceOrientations_iPad = "UIInterfaceOrientationPortrait UIInterfaceOrientationPortraitUpsideDown UIInterfaceOrientationLandscapeLeft UIInterfaceOrientationLandscapeRight";
				INFOPLIST_KEY_UISupportedInterfaceOrientations_iPhone = "UIInterfaceOrientationPortrait UIInterfaceOrientationLandscapeLeft UIInterfaceOrientationLandscapeRight";
				LD_RUNPATH_SEARCH_PATHS = (
					"$(inherited)",
					"@executable_path/Frameworks",
				);
				MARKETING_VERSION = 1.0;
				PRODUCT_BUNDLE_IDENTIFIER = Freds.TestFilter;
				PRODUCT_NAME = "$(TARGET_NAME)";
				SWIFT_EMIT_LOC_STRINGS = YES;
				SWIFT_VERSION = 5.0;
				TARGETED_DEVICE_FAMILY = "1,2";
			};
			name = Release;
		};
/* End XCBuildConfiguration section */

/* Begin XCConfigurationList section */
		BB1C6FDD2BF48286003E5CE6 /* Build configuration list for PBXProject "TestFilter" */ = {
			isa = XCConfigurationList;
			buildConfigurations = (
				BB1C6FEE2BF48287003E5CE6 /* Debug */,
				BB1C6FEF2BF48287003E5CE6 /* Release */,
			);
			defaultConfigurationIsVisible = 0;
			defaultConfigurationName = Release;
		};
		BB1C6FF02BF48287003E5CE6 /* Build configuration list for PBXNativeTarget "TestFilter" */ = {
			isa = XCConfigurationList;
			buildConfigurations = (
				BB1C6FF12BF48287003E5CE6 /* Debug */,
				BB1C6FF22BF48287003E5CE6 /* Release */,
			);
			defaultConfigurationIsVisible = 0;
			defaultConfigurationName = Release;
		};
/* End XCConfigurationList section */
	};
	rootObject = BB1C6FDA2BF48286003E5CE6 /* Project object */;
}
